
Microsoft Visual Studio Solution File, Format Version 12.00
# Visual Studio Version 16
VisualStudioVersion = 16.0.30320.27
MinimumVisualStudioVersion = 10.0.40219.1
Project("{FAE04EC0-301F-11D3-BF4B-00C04F79EFBC}") = "eShopSolution.WebApp", "eShopSolution\eShopSolution.WebApp.csproj", "{695B469F-0E74-4F1E-B2FF-5400053809A1}"
EndProject
Project("{FAE04EC0-301F-11D3-BF4B-00C04F79EFBC}") = "eShopSolution.Application", "eShopSolution.Application\eShopSolution.Application.csproj", "{6096A848-D570-48EA-A80D-C6A86D7A8AAE}"
EndProject
Project("{FAE04EC0-301F-11D3-BF4B-00C04F79EFBC}") = "eShopSolution.Data", "eShopSolution.Data\eShopSolution.Data.csproj", "{170BABF8-CB8C-4D2C-90A4-A8E84557F55F}"
EndProject
Global
	GlobalSection(SolutionConfigurationPlatforms) = preSolution
		Debug|Any CPU = Debug|Any CPU
		Release|Any CPU = Release|Any CPU
	EndGlobalSection
	GlobalSection(ProjectConfigurationPlatforms) = postSolution
		{695B469F-0E74-4F1E-B2FF-5400053809A1}.Debug|Any CPU.ActiveCfg = Debug|Any CPU
		{695B469F-0E74-4F1E-B2FF-5400053809A1}.Debug|Any CPU.Build.0 = Debug|Any CPU
		{695B469F-0E74-4F1E-B2FF-5400053809A1}.Release|Any CPU.ActiveCfg = Release|Any CPU
		{695B469F-0E74-4F1E-B2FF-5400053809A1}.Release|Any CPU.Build.0 = Release|Any CPU
		{6096A848-D570-48EA-A80D-C6A86D7A8AAE}.Debug|Any CPU.ActiveCfg = Debug|Any CPU
		{6096A848-D570-48EA-A80D-C6A86D7A8AAE}.Debug|Any CPU.Build.0 = Debug|Any CPU
		{6096A848-D570-48EA-A80D-C6A86D7A8AAE}.Release|Any CPU.ActiveCfg = Release|Any CPU
		{6096A848-D570-48EA-A80D-C6A86D7A8AAE}.Release|Any CPU.Build.0 = Release|Any CPU
		{170BABF8-CB8C-4D2C-90A4-A8E84557F55F}.Debug|Any CPU.ActiveCfg = Debug|Any CPU
		{170BABF8-CB8C-4D2C-90A4-A8E84557F55F}.Debug|Any CPU.Build.0 = Debug|Any CPU
		{170BABF8-CB8C-4D2C-90A4-A8E84557F55F}.Release|Any CPU.ActiveCfg = Release|Any CPU
		{170BABF8-CB8C-4D2C-90A4-A8E84557F55F}.Release|Any CPU.Build.0 = Release|Any CPU
	EndGlobalSection
	GlobalSection(SolutionProperties) = preSolution
		HideSolutionNode = FALSE
	EndGlobalSection
	GlobalSection(ExtensibilityGlobals) = postSolution
		SolutionGuid = {9421C748-15C5-4354-A718-65258488DD59}
	EndGlobalSection
EndGlobal
